PODS:
  - Alamofire (4.5.0)
  - Amplitude-iOS (3.14.1)
  - Bolts (1.8.4):
    - Bolts/AppLinks (= 1.8.4)
    - Bolts/Tasks (= 1.8.4)
  - Bolts/AppLinks (1.8.4):
    - Bolts/Tasks
  - Bolts/Tasks (1.8.4)
  - BrightFutures (5.2.0):
    - Result (~> 3.2)
  - Crashlytics (3.8.5):
    - Fabric (~> 1.6.3)
  - Fabric (1.6.12)
  - FBSDKCoreKit (4.26.0):
    - Bolts (~> 1.7)
  - Mixpanel (3.1.5)
  - Result (3.2.3)
  - Reveal-SDK (10)
  - SnapKit (3.2.0)
  - SwiftHelpers (5.0.3):
    - SwiftHelpers/Basic (= 5.0.3)
    - SwiftHelpers/Core (= 5.0.3)
    - SwiftHelpers/CoreData (= 5.0.3)
    - SwiftHelpers/DateTime (= 5.0.3)
    - SwiftHelpers/Misc (= 5.0.3)
    - SwiftHelpers/UI (= 5.0.3)
  - SwiftHelpers/Basic (5.0.3)
  - SwiftHelpers/Core (5.0.3)
  - SwiftHelpers/CoreData (5.0.3)
  - SwiftHelpers/DateTime (5.0.3)
  - SwiftHelpers/Misc (5.0.3)
  - SwiftHelpers/UI (5.0.3)
  - SwiftyJSON (3.1.4)

DEPENDENCIES:
  - Alamofire
  - Amplitude-iOS
  - BrightFutures
  - Crashlytics
  - Fabric
  - FBSDKCoreKit
  - Mixpanel (= 3.1.5)
  - Reveal-SDK
  - SnapKit
  - SwiftHelpers (from `https://github.com/dmiotti/SwiftHelpers.git`)
  - SwiftyJSON

EXTERNAL SOURCES:
  SwiftHelpers:
    :git: https://github.com/dmiotti/SwiftHelpers.git

CHECKOUT OPTIONS:
  SwiftHelpers:
    :commit: 0834020b66aa3455aba6f9d5b5214ac9cbff3d09
    :git: https://github.com/dmiotti/SwiftHelpers.git

SPEC CHECKSUMS:
  Alamofire: f28cdffd29de33a7bfa022cbd63ae95a27fae140
  Amplitude-iOS: 4a3c8807b2ea5369dc11e87e23825bff01e5a922
  Bolts: 8a7995239dbe724f9cba2248b766d48b7ebdd322
  BrightFutures: 8681dbb9fa831b69b6e7dc4a498b9e081d5daeb5
  Crashlytics: dfbae35ef22ca189240d230ad501feea4ee85d2d
  Fabric: f050464eac45a2ce5a8e6e6a07e977c0df32fe28
  FBSDKCoreKit: c8b8582311ec11b145451d8b9717dc6cc2ae5a76
  Mixpanel: 9b33e5de998cd42597767f67e2b8fcd1d158c71d
  Result: 128640a6347e8d2ae48b142556739a2d13f90ce6
  Reveal-SDK: 7869ddf1f902cabbb07a1f0dd06bd25861a126f7
  SnapKit: 1ca44df72cfa543218d177cb8aab029d10d86ea7
  SwiftHelpers: 63f0b7c4ead778811a44c126ebf560c47162d8c9
  SwiftyJSON: c2842d878f95482ffceec5709abc3d05680c0220

PODFILE CHECKSUM: fb2ade2382ecd03109a7d809b3b3ab60eaf6d09a

COCOAPODS: 1.3.1
