PODS:
  - Alamofire (4.4.0)
  - Amplitude-iOS (3.14.1)
  - Bolts (1.8.4):
    - Bolts/AppLinks (= 1.8.4)
    - Bolts/Tasks (= 1.8.4)
  - Bolts/AppLinks (1.8.4):
    - Bolts/Tasks
  - Bolts/Tasks (1.8.4)
  - BrightFutures (5.2.0):
    - Result (~> 3.2)
  - Crashlytics (3.8.4):
    - Fabric (~> 1.6.3)
  - Fabric (1.6.11)
  - FBSDKCoreKit (4.21.0):
    - Bolts (~> 1.7)
  - Result (3.2.1)
  - SnapKit (3.2.0)
  - SwiftHelpers (5.0.1):
    - SwiftHelpers/Basic (= 5.0.1)
    - SwiftHelpers/Core (= 5.0.1)
    - SwiftHelpers/CoreData (= 5.0.1)
    - SwiftHelpers/DateTime (= 5.0.1)
    - SwiftHelpers/Misc (= 5.0.1)
    - SwiftHelpers/UI (= 5.0.1)
  - SwiftHelpers/Basic (5.0.1)
  - SwiftHelpers/Core (5.0.1)
  - SwiftHelpers/CoreData (5.0.1)
  - SwiftHelpers/DateTime (5.0.1)
  - SwiftHelpers/Misc (5.0.1)
  - SwiftHelpers/UI (5.0.1)
  - SwiftyJSON (3.1.4)

DEPENDENCIES:
  - Alamofire
  - Amplitude-iOS
  - BrightFutures
  - Crashlytics
  - Fabric
  - FBSDKCoreKit
  - SnapKit
  - SwiftHelpers (from `https://github.com/dmiotti/SwiftHelpers.git`)
  - SwiftyJSON

EXTERNAL SOURCES:
  SwiftHelpers:
    :git: https://github.com/dmiotti/SwiftHelpers.git

CHECKOUT OPTIONS:
  SwiftHelpers:
    :commit: f5a2f7dc87ec29db74eb486009ee3f44ceab6c61
    :git: https://github.com/dmiotti/SwiftHelpers.git

SPEC CHECKSUMS:
  Alamofire: dc44b1600b800eb63da6a19039a0083d62a6a62d
  Amplitude-iOS: 4a3c8807b2ea5369dc11e87e23825bff01e5a922
  Bolts: 8a7995239dbe724f9cba2248b766d48b7ebdd322
  BrightFutures: 8681dbb9fa831b69b6e7dc4a498b9e081d5daeb5
  Crashlytics: 79e236942ca1e7fc641df1feb9a275360a78ab6a
  Fabric: 5911403591946b8228ab1c51d98f1d7137e863c6
  FBSDKCoreKit: 8a372ab194b5c7c26355c1920ef52dbeb44bc222
  Result: 2453a22e5c5b11c0c3a478736e82cd02f763b781
  SnapKit: 1ca44df72cfa543218d177cb8aab029d10d86ea7
  SwiftHelpers: 346de9223bfde9b2011c866af3dcf3e9d70d9c41
  SwiftyJSON: c2842d878f95482ffceec5709abc3d05680c0220

PODFILE CHECKSUM: 68d53e74392bf9d2dd73a9ad0aa930455fcdc0b9

COCOAPODS: 1.2.0
