PODS:
  - Alamofire (4.3.0)
  - Amplitude-iOS (3.14.0)
  - Bolts (1.8.4):
    - Bolts/AppLinks (= 1.8.4)
    - Bolts/Tasks (= 1.8.4)
  - Bolts/AppLinks (1.8.4):
    - Bolts/Tasks
  - Bolts/Tasks (1.8.4)
  - BrightFutures (5.1.0):
    - Result (~> 3.0)
  - Crashlytics (3.8.3):
    - Fabric (~> 1.6.3)
  - Fabric (1.6.11)
  - FBSDKCoreKit (4.19.0):
    - Bolts (~> 1.7)
  - Result (3.1.0)
  - SnapKit (3.1.2)
  - SwiftHelpers (3.0.0)
  - SwiftyJSON (3.1.4)

DEPENDENCIES:
  - Alamofire
  - Amplitude-iOS
  - BrightFutures
  - Crashlytics
  - Fabric
  - FBSDKCoreKit
  - SnapKit
  - SwiftHelpers (from `https://github.com/dmiotti/SwiftHelpers.git`)
  - SwiftyJSON

EXTERNAL SOURCES:
  SwiftHelpers:
    :git: https://github.com/dmiotti/SwiftHelpers.git

CHECKOUT OPTIONS:
  SwiftHelpers:
    :commit: 027944455dcf747097c8b0bac7befc9700f18335
    :git: https://github.com/dmiotti/SwiftHelpers.git

SPEC CHECKSUMS:
  Alamofire: 856a113053a7bc9cbe5d6367a555d773fc5cfef7
  Amplitude-iOS: d50378ef97434cd910e6c9f21a45d0d8ee660c44
  Bolts: 8a7995239dbe724f9cba2248b766d48b7ebdd322
  BrightFutures: 62aafb1a63520eda91c9286bf4be33e58e043938
  Crashlytics: 2b6dbe138a42395577cfa73dfa1aa7248cadf39e
  Fabric: 5911403591946b8228ab1c51d98f1d7137e863c6
  FBSDKCoreKit: 894b2b6eda6a4c8c4204e92e59cc355709ef045c
  Result: 4e3ed5995ed94d0cd6a09be9a431fce3f3624bbf
  SnapKit: 12b24f569cb7c143acc9c22b9d91b23e7b1c84a2
  SwiftHelpers: acc25abe965f5375becd94ee33ef28436ae65de0
  SwiftyJSON: c2842d878f95482ffceec5709abc3d05680c0220

PODFILE CHECKSUM: 68d53e74392bf9d2dd73a9ad0aa930455fcdc0b9

COCOAPODS: 1.2.0
