// !$*UTF8*$!
{
	archiveVersion = 1;
	classes = {
	};
	objectVersion = 46;
	objects = {

/* Begin PBXBuildFile section */
		58379FF61D7352D900584206 /* LocalImportOperation.swift in Sources */ = {isa = PBXBuildFile; fileRef = 58379FF51D7352D900584206 /* LocalImportOperation.swift */; };
		5841509B1D61C36100866210 /* CategoryCell.swift in Sources */ = {isa = PBXBuildFile; fileRef = 5841509A1D61C36100866210 /* CategoryCell.swift */; };
		5841509F1D61D9CF00866210 /* StyleSheet.swift in Sources */ = {isa = PBXBuildFile; fileRef = 5841509E1D61D9CF00866210 /* StyleSheet.swift */; };
		584150A11D61E74D00866210 /* TabBarView.swift in Sources */ = {isa = PBXBuildFile; fileRef = 584150A01D61E74D00866210 /* TabBarView.swift */; };
		584150A61D61F30F00866210 /* ImportOperation.swift in Sources */ = {isa = PBXBuildFile; fileRef = 584150A51D61F30F00866210 /* ImportOperation.swift */; };
		584150B01D620A0F00866210 /* Food+CoreDataProperties.swift in Sources */ = {isa = PBXBuildFile; fileRef = 584150AC1D620A0F00866210 /* Food+CoreDataProperties.swift */; };
		584150B11D620A0F00866210 /* Food.swift in Sources */ = {isa = PBXBuildFile; fileRef = 584150AD1D620A0F00866210 /* Food.swift */; };
		584150B21D620A0F00866210 /* FoodCategory+CoreDataProperties.swift in Sources */ = {isa = PBXBuildFile; fileRef = 584150AE1D620A0F00866210 /* FoodCategory+CoreDataProperties.swift */; };
		584150B31D620A0F00866210 /* FoodCategory.swift in Sources */ = {isa = PBXBuildFile; fileRef = 584150AF1D620A0F00866210 /* FoodCategory.swift */; };
		584EF67B1D7316C5000E6F42 /* FavEmptyView.swift in Sources */ = {isa = PBXBuildFile; fileRef = 584EF67A1D7316C5000E6F42 /* FavEmptyView.swift */; };
		58536DC71D7353AB004B84CD /* foods.json in Resources */ = {isa = PBXBuildFile; fileRef = 58536DC61D7353AB004B84CD /* foods.json */; };
		587E976C1D707CA800494388 /* Helpers.swift in Sources */ = {isa = PBXBuildFile; fileRef = 587E976B1D707CA800494388 /* Helpers.swift */; };
		587E976F1D70A2A800494388 /* Risk+CoreDataProperties.swift in Sources */ = {isa = PBXBuildFile; fileRef = 587E976D1D70A2A800494388 /* Risk+CoreDataProperties.swift */; };
		587E97701D70A2A800494388 /* Risk.swift in Sources */ = {isa = PBXBuildFile; fileRef = 587E976E1D70A2A800494388 /* Risk.swift */; };
		587E97741D70B47600494388 /* Foodancy.xcdatamodeld in Sources */ = {isa = PBXBuildFile; fileRef = 587E97721D70B47600494388 /* Foodancy.xcdatamodeld */; };
		58816A081D61AEBD00A339A1 /* AppDelegate.swift in Sources */ = {isa = PBXBuildFile; fileRef = 58816A071D61AEBD00A339A1 /* AppDelegate.swift */; };
		58816A0A1D61AEBD00A339A1 /* CategoryViewController.swift in Sources */ = {isa = PBXBuildFile; fileRef = 58816A091D61AEBD00A339A1 /* CategoryViewController.swift */; };
		58816A0D1D61AEBD00A339A1 /* Main.storyboard in Resources */ = {isa = PBXBuildFile; fileRef = 58816A0B1D61AEBD00A339A1 /* Main.storyboard */; };
		58816A121D61AEBD00A339A1 /* Assets.xcassets in Resources */ = {isa = PBXBuildFile; fileRef = 58816A111D61AEBD00A339A1 /* Assets.xcassets */; };
		58816A151D61AEBD00A339A1 /* LaunchScreen.storyboard in Resources */ = {isa = PBXBuildFile; fileRef = 58816A131D61AEBD00A339A1 /* LaunchScreen.storyboard */; };
		58CA516F1D6A1F3C005B20F8 /* FoodCell.swift in Sources */ = {isa = PBXBuildFile; fileRef = 58CA516E1D6A1F3C005B20F8 /* FoodCell.swift */; };
		58CA51711D6A2B0D005B20F8 /* FoodDetailViewController.swift in Sources */ = {isa = PBXBuildFile; fileRef = 58CA51701D6A2B0D005B20F8 /* FoodDetailViewController.swift */; };
		58CA67441D70461F006FEB50 /* MoreViewController.swift in Sources */ = {isa = PBXBuildFile; fileRef = 58CA67431D70461F006FEB50 /* MoreViewController.swift */; };
		58CA67461D704786006FEB50 /* FoodListViewController.swift in Sources */ = {isa = PBXBuildFile; fileRef = 58CA67451D704786006FEB50 /* FoodListViewController.swift */; };
		58CA674B1D7060FE006FEB50 /* FoodNotFoundView.swift in Sources */ = {isa = PBXBuildFile; fileRef = 58CA674A1D7060FE006FEB50 /* FoodNotFoundView.swift */; };
		58CA674E1D7074F0006FEB50 /* TabBarController.swift in Sources */ = {isa = PBXBuildFile; fileRef = 58CA674D1D7074F0006FEB50 /* TabBarController.swift */; };
		58CA67511D707607006FEB50 /* FavListViewController.swift in Sources */ = {isa = PBXBuildFile; fileRef = 58CA67501D707607006FEB50 /* FavListViewController.swift */; };
		B7FB8B67AA2409A8FB0870C3 /* Pods_Foodancy.framework in Frameworks */ = {isa = PBXBuildFile; fileRef = B32049C8A99AB469695E3773 /* Pods_Foodancy.framework */; };
/* End PBXBuildFile section */

/* Begin PBXFileReference section */
		2D2C9CA366E61F113D4C5456 /* Pods-Foodancy.debug.xcconfig */ = {isa = PBXFileReference; includeInIndex = 1; lastKnownFileType = text.xcconfig; name = "Pods-Foodancy.debug.xcconfig"; path = "Pods/Target Support Files/Pods-Foodancy/Pods-Foodancy.debug.xcconfig"; sourceTree = "<group>"; };
		58379FF51D7352D900584206 /* LocalImportOperation.swift */ = {isa = PBXFileReference; fileEncoding = 4; lastKnownFileType = sourcecode.swift; path = LocalImportOperation.swift; sourceTree = "<group>"; };
		5841509A1D61C36100866210 /* CategoryCell.swift */ = {isa = PBXFileReference; fileEncoding = 4; lastKnownFileType = sourcecode.swift; path = CategoryCell.swift; sourceTree = "<group>"; };
		5841509E1D61D9CF00866210 /* StyleSheet.swift */ = {isa = PBXFileReference; fileEncoding = 4; lastKnownFileType = sourcecode.swift; path = StyleSheet.swift; sourceTree = "<group>"; };
		584150A01D61E74D00866210 /* TabBarView.swift */ = {isa = PBXFileReference; fileEncoding = 4; lastKnownFileType = sourcecode.swift; path = TabBarView.swift; sourceTree = "<group>"; };
		584150A51D61F30F00866210 /* ImportOperation.swift */ = {isa = PBXFileReference; fileEncoding = 4; lastKnownFileType = sourcecode.swift; path = ImportOperation.swift; sourceTree = "<group>"; };
		584150AC1D620A0F00866210 /* Food+CoreDataProperties.swift */ = {isa = PBXFileReference; fileEncoding = 4; lastKnownFileType = sourcecode.swift; path = "Food+CoreDataProperties.swift"; sourceTree = "<group>"; };
		584150AD1D620A0F00866210 /* Food.swift */ = {isa = PBXFileReference; fileEncoding = 4; lastKnownFileType = sourcecode.swift; path = Food.swift; sourceTree = "<group>"; };
		584150AE1D620A0F00866210 /* FoodCategory+CoreDataProperties.swift */ = {isa = PBXFileReference; fileEncoding = 4; lastKnownFileType = sourcecode.swift; path = "FoodCategory+CoreDataProperties.swift"; sourceTree = "<group>"; };
		584150AF1D620A0F00866210 /* FoodCategory.swift */ = {isa = PBXFileReference; fileEncoding = 4; lastKnownFileType = sourcecode.swift; path = FoodCategory.swift; sourceTree = "<group>"; };
		584EF67A1D7316C5000E6F42 /* FavEmptyView.swift */ = {isa = PBXFileReference; fileEncoding = 4; lastKnownFileType = sourcecode.swift; path = FavEmptyView.swift; sourceTree = "<group>"; };
		58536DC61D7353AB004B84CD /* foods.json */ = {isa = PBXFileReference; fileEncoding = 4; lastKnownFileType = text.json; path = foods.json; sourceTree = SOURCE_ROOT; };
		587E976B1D707CA800494388 /* Helpers.swift */ = {isa = PBXFileReference; fileEncoding = 4; lastKnownFileType = sourcecode.swift; path = Helpers.swift; sourceTree = "<group>"; };
		587E976D1D70A2A800494388 /* Risk+CoreDataProperties.swift */ = {isa = PBXFileReference; fileEncoding = 4; lastKnownFileType = sourcecode.swift; path = "Risk+CoreDataProperties.swift"; sourceTree = "<group>"; };
		587E976E1D70A2A800494388 /* Risk.swift */ = {isa = PBXFileReference; fileEncoding = 4; lastKnownFileType = sourcecode.swift; path = Risk.swift; sourceTree = "<group>"; };
		587E97731D70B47600494388 /* Foodancy.xcdatamodel */ = {isa = PBXFileReference; lastKnownFileType = wrapper.xcdatamodel; path = Foodancy.xcdatamodel; sourceTree = "<group>"; };
		58816A041D61AEBD00A339A1 /* Foodancy.app */ = {isa = PBXFileReference; explicitFileType = wrapper.application; includeInIndex = 0; path = Foodancy.app; sourceTree = BUILT_PRODUCTS_DIR; };
		58816A071D61AEBD00A339A1 /* AppDelegate.swift */ = {isa = PBXFileReference; lastKnownFileType = sourcecode.swift; path = AppDelegate.swift; sourceTree = "<group>"; };
		58816A091D61AEBD00A339A1 /* CategoryViewController.swift */ = {isa = PBXFileReference; lastKnownFileType = sourcecode.swift; path = CategoryViewController.swift; sourceTree = "<group>"; };
		58816A0C1D61AEBD00A339A1 /* Base */ = {isa = PBXFileReference; lastKnownFileType = file.storyboard; name = Base; path = Base.lproj/Main.storyboard; sourceTree = "<group>"; };
		58816A111D61AEBD00A339A1 /* Assets.xcassets */ = {isa = PBXFileReference; lastKnownFileType = folder.assetcatalog; path = Assets.xcassets; sourceTree = "<group>"; };
		58816A141D61AEBD00A339A1 /* Base */ = {isa = PBXFileReference; lastKnownFileType = file.storyboard; name = Base; path = Base.lproj/LaunchScreen.storyboard; sourceTree = "<group>"; };
		58816A161D61AEBD00A339A1 /* Info.plist */ = {isa = PBXFileReference; lastKnownFileType = text.plist.xml; path = Info.plist; sourceTree = "<group>"; };
		58CA516E1D6A1F3C005B20F8 /* FoodCell.swift */ = {isa = PBXFileReference; fileEncoding = 4; lastKnownFileType = sourcecode.swift; path = FoodCell.swift; sourceTree = "<group>"; };
		58CA51701D6A2B0D005B20F8 /* FoodDetailViewController.swift */ = {isa = PBXFileReference; fileEncoding = 4; lastKnownFileType = sourcecode.swift; path = FoodDetailViewController.swift; sourceTree = "<group>"; };
		58CA67431D70461F006FEB50 /* MoreViewController.swift */ = {isa = PBXFileReference; fileEncoding = 4; lastKnownFileType = sourcecode.swift; path = MoreViewController.swift; sourceTree = "<group>"; };
		58CA67451D704786006FEB50 /* FoodListViewController.swift */ = {isa = PBXFileReference; fileEncoding = 4; lastKnownFileType = sourcecode.swift; path = FoodListViewController.swift; sourceTree = "<group>"; };
		58CA674A1D7060FE006FEB50 /* FoodNotFoundView.swift */ = {isa = PBXFileReference; fileEncoding = 4; lastKnownFileType = sourcecode.swift; path = FoodNotFoundView.swift; sourceTree = "<group>"; };
		58CA674D1D7074F0006FEB50 /* TabBarController.swift */ = {isa = PBXFileReference; fileEncoding = 4; lastKnownFileType = sourcecode.swift; path = TabBarController.swift; sourceTree = "<group>"; };
		58CA67501D707607006FEB50 /* FavListViewController.swift */ = {isa = PBXFileReference; fileEncoding = 4; lastKnownFileType = sourcecode.swift; path = FavListViewController.swift; sourceTree = "<group>"; };
		951CBD0771F607483A0BDE24 /* Pods-Foodancy.release.xcconfig */ = {isa = PBXFileReference; includeInIndex = 1; lastKnownFileType = text.xcconfig; name = "Pods-Foodancy.release.xcconfig"; path = "Pods/Target Support Files/Pods-Foodancy/Pods-Foodancy.release.xcconfig"; sourceTree = "<group>"; };
		9B972308D226F98BF1A01F1A /* Pods-AlimentsGrossesse.release.xcconfig */ = {isa = PBXFileReference; includeInIndex = 1; lastKnownFileType = text.xcconfig; name = "Pods-AlimentsGrossesse.release.xcconfig"; path = "Pods/Target Support Files/Pods-AlimentsGrossesse/Pods-AlimentsGrossesse.release.xcconfig"; sourceTree = "<group>"; };
		B32049C8A99AB469695E3773 /* Pods_Foodancy.framework */ = {isa = PBXFileReference; explicitFileType = wrapper.framework; includeInIndex = 0; path = Pods_Foodancy.framework; sourceTree = BUILT_PRODUCTS_DIR; };
		CA4165FA705A45B946D3F0DF /* Pods-AlimentsGrossesse.debug.xcconfig */ = {isa = PBXFileReference; includeInIndex = 1; lastKnownFileType = text.xcconfig; name = "Pods-AlimentsGrossesse.debug.xcconfig"; path = "Pods/Target Support Files/Pods-AlimentsGrossesse/Pods-AlimentsGrossesse.debug.xcconfig"; sourceTree = "<group>"; };
/* End PBXFileReference section */

/* Begin PBXFrameworksBuildPhase section */
		58816A011D61AEBD00A339A1 /* Frameworks */ = {
			isa = PBXFrameworksBuildPhase;
			buildActionMask = 2147483647;
			files = (
				B7FB8B67AA2409A8FB0870C3 /* Pods_Foodancy.framework in Frameworks */,
			);
			runOnlyForDeploymentPostprocessing = 0;
		};
/* End PBXFrameworksBuildPhase section */

/* Begin PBXGroup section */
		0EED9957AA0E4BB1835C6C63 /* Frameworks */ = {
			isa = PBXGroup;
			children = (
				B32049C8A99AB469695E3773 /* Pods_Foodancy.framework */,
			);
			name = Frameworks;
			sourceTree = "<group>";
		};
		584150A21D61EAED00866210 /* Models */ = {
			isa = PBXGroup;
			children = (
				584150AD1D620A0F00866210 /* Food.swift */,
				584150AF1D620A0F00866210 /* FoodCategory.swift */,
				587E976E1D70A2A800494388 /* Risk.swift */,
				584150B41D620BDC00866210 /* CoreData */,
				584150B51D620BED00866210 /* Operations */,
				587E976B1D707CA800494388 /* Helpers.swift */,
			);
			name = Models;
			sourceTree = "<group>";
		};
		584150A91D61FCC000866210 /* Categories */ = {
			isa = PBXGroup;
			children = (
				58816A091D61AEBD00A339A1 /* CategoryViewController.swift */,
				5841509A1D61C36100866210 /* CategoryCell.swift */,
				58CA516E1D6A1F3C005B20F8 /* FoodCell.swift */,
				58CA674A1D7060FE006FEB50 /* FoodNotFoundView.swift */,
			);
			name = Categories;
			sourceTree = "<group>";
		};
		584150B41D620BDC00866210 /* CoreData */ = {
			isa = PBXGroup;
			children = (
				584150AC1D620A0F00866210 /* Food+CoreDataProperties.swift */,
				584150AE1D620A0F00866210 /* FoodCategory+CoreDataProperties.swift */,
				587E976D1D70A2A800494388 /* Risk+CoreDataProperties.swift */,
			);
			name = CoreData;
			sourceTree = "<group>";
		};
		584150B51D620BED00866210 /* Operations */ = {
			isa = PBXGroup;
			children = (
				58379FF51D7352D900584206 /* LocalImportOperation.swift */,
				584150A51D61F30F00866210 /* ImportOperation.swift */,
			);
			name = Operations;
			sourceTree = "<group>";
		};
		587E97711D70AFFC00494388 /* Controllers */ = {
			isa = PBXGroup;
			children = (
				58CA674C1D7074DF006FEB50 /* TabBar */,
				584150A91D61FCC000866210 /* Categories */,
				58CA674F1D7075F8006FEB50 /* Fav */,
				58CA67491D705621006FEB50 /* FoodList */,
				58CA67471D705605006FEB50 /* FoodDetail */,
				58CA67481D705614006FEB50 /* More */,
			);
			name = Controllers;
			sourceTree = "<group>";
		};
		588169FB1D61AEBD00A339A1 = {
			isa = PBXGroup;
			children = (
				58816A061D61AEBD00A339A1 /* Foodancy */,
				58816A051D61AEBD00A339A1 /* Products */,
				CB25F2C187BE99A45831B27D /* Pods */,
				0EED9957AA0E4BB1835C6C63 /* Frameworks */,
			);
			sourceTree = "<group>";
		};
		58816A051D61AEBD00A339A1 /* Products */ = {
			isa = PBXGroup;
			children = (
				58816A041D61AEBD00A339A1 /* Foodancy.app */,
			);
			name = Products;
			sourceTree = "<group>";
		};
		58816A061D61AEBD00A339A1 /* Foodancy */ = {
			isa = PBXGroup;
			children = (
				58816A071D61AEBD00A339A1 /* AppDelegate.swift */,
				584150A21D61EAED00866210 /* Models */,
				587E97711D70AFFC00494388 /* Controllers */,
				5841509E1D61D9CF00866210 /* StyleSheet.swift */,
				58816A0B1D61AEBD00A339A1 /* Main.storyboard */,
				58816A111D61AEBD00A339A1 /* Assets.xcassets */,
				58816A131D61AEBD00A339A1 /* LaunchScreen.storyboard */,
				58816A161D61AEBD00A339A1 /* Info.plist */,
				587E97721D70B47600494388 /* Foodancy.xcdatamodeld */,
				58536DC61D7353AB004B84CD /* foods.json */,
			);
			path = Foodancy;
			sourceTree = "<group>";
		};
		58CA67471D705605006FEB50 /* FoodDetail */ = {
			isa = PBXGroup;
			children = (
				58CA51701D6A2B0D005B20F8 /* FoodDetailViewController.swift */,
			);
			name = FoodDetail;
			sourceTree = "<group>";
		};
		58CA67481D705614006FEB50 /* More */ = {
			isa = PBXGroup;
			children = (
				58CA67431D70461F006FEB50 /* MoreViewController.swift */,
			);
			name = More;
			sourceTree = "<group>";
		};
		58CA67491D705621006FEB50 /* FoodList */ = {
			isa = PBXGroup;
			children = (
				58CA67451D704786006FEB50 /* FoodListViewController.swift */,
			);
			name = FoodList;
			sourceTree = "<group>";
		};
		58CA674C1D7074DF006FEB50 /* TabBar */ = {
			isa = PBXGroup;
			children = (
				58CA674D1D7074F0006FEB50 /* TabBarController.swift */,
				584150A01D61E74D00866210 /* TabBarView.swift */,
			);
			name = TabBar;
			sourceTree = "<group>";
		};
		58CA674F1D7075F8006FEB50 /* Fav */ = {
			isa = PBXGroup;
			children = (
				58CA67501D707607006FEB50 /* FavListViewController.swift */,
				584EF67A1D7316C5000E6F42 /* FavEmptyView.swift */,
			);
			name = Fav;
			sourceTree = "<group>";
		};
		CB25F2C187BE99A45831B27D /* Pods */ = {
			isa = PBXGroup;
			children = (
				CA4165FA705A45B946D3F0DF /* Pods-AlimentsGrossesse.debug.xcconfig */,
				9B972308D226F98BF1A01F1A /* Pods-AlimentsGrossesse.release.xcconfig */,
				2D2C9CA366E61F113D4C5456 /* Pods-Foodancy.debug.xcconfig */,
				951CBD0771F607483A0BDE24 /* Pods-Foodancy.release.xcconfig */,
			);
			name = Pods;
			sourceTree = "<group>";
		};
/* End PBXGroup section */

/* Begin PBXNativeTarget section */
		58816A031D61AEBD00A339A1 /* Foodancy */ = {
			isa = PBXNativeTarget;
			buildConfigurationList = 58816A2F1D61AEBE00A339A1 /* Build configuration list for PBXNativeTarget "Foodancy" */;
			buildPhases = (
				326D7F7DB82549BECBD56DCA /* [CP] Check Pods Manifest.lock */,
				58816A001D61AEBD00A339A1 /* Sources */,
				58816A011D61AEBD00A339A1 /* Frameworks */,
				58816A021D61AEBD00A339A1 /* Resources */,
				840801E553CCE220ABA7CF53 /* [CP] Embed Pods Frameworks */,
				FCCCEF69C5F3D53FA7E21D0B /* [CP] Copy Pods Resources */,
				584EF67C1D734326000E6F42 /* Fabric */,
			);
			buildRules = (
			);
			dependencies = (
			);
			name = Foodancy;
			productName = AlimentsGrossesse;
			productReference = 58816A041D61AEBD00A339A1 /* Foodancy.app */;
			productType = "com.apple.product-type.application";
		};
/* End PBXNativeTarget section */

/* Begin PBXProject section */
		588169FC1D61AEBD00A339A1 /* Project object */ = {
			isa = PBXProject;
			attributes = {
				LastSwiftUpdateCheck = 0730;
				LastUpgradeCheck = 0730;
				ORGANIZATIONNAME = "David Miotti";
				TargetAttributes = {
					58816A031D61AEBD00A339A1 = {
						CreatedOnToolsVersion = 7.3.1;
						DevelopmentTeam = 659B2N7HE9;
						LastSwiftMigration = 0820;
					};
				};
			};
			buildConfigurationList = 588169FF1D61AEBD00A339A1 /* Build configuration list for PBXProject "Foodancy" */;
			compatibilityVersion = "Xcode 3.2";
			developmentRegion = English;
			hasScannedForEncodings = 0;
			knownRegions = (
				en,
				Base,
			);
			mainGroup = 588169FB1D61AEBD00A339A1;
			productRefGroup = 58816A051D61AEBD00A339A1 /* Products */;
			projectDirPath = "";
			projectRoot = "";
			targets = (
				58816A031D61AEBD00A339A1 /* Foodancy */,
			);
		};
/* End PBXProject section */

/* Begin PBXResourcesBuildPhase section */
		58816A021D61AEBD00A339A1 /* Resources */ = {
			isa = PBXResourcesBuildPhase;
			buildActionMask = 2147483647;
			files = (
				58816A151D61AEBD00A339A1 /* LaunchScreen.storyboard in Resources */,
				58536DC71D7353AB004B84CD /* foods.json in Resources */,
				58816A121D61AEBD00A339A1 /* Assets.xcassets in Resources */,
				58816A0D1D61AEBD00A339A1 /* Main.storyboard in Resources */,
			);
			runOnlyForDeploymentPostprocessing = 0;
		};
/* End PBXResourcesBuildPhase section */

/* Begin PBXShellScriptBuildPhase section */
		326D7F7DB82549BECBD56DCA /* [CP] Check Pods Manifest.lock */ = {
			isa = PBXShellScriptBuildPhase;
			buildActionMask = 2147483647;
			files = (
			);
			inputPaths = (
			);
			name = "[CP] Check Pods Manifest.lock";
			outputPaths = (
			);
			runOnlyForDeploymentPostprocessing = 0;
			shellPath = /bin/sh;
			shellScript = "diff \"${PODS_ROOT}/../Podfile.lock\" \"${PODS_ROOT}/Manifest.lock\" > /dev/null\nif [ $? != 0 ] ; then\n    # print error to STDERR\n    echo \"error: The sandbox is not in sync with the Podfile.lock. Run 'pod install' or update your CocoaPods installation.\" >&2\n    exit 1\nfi\n";
			showEnvVarsInLog = 0;
		};
		584EF67C1D734326000E6F42 /* Fabric */ = {
			isa = PBXShellScriptBuildPhase;
			buildActionMask = 2147483647;
			files = (
			);
			inputPaths = (
			);
			name = Fabric;
			outputPaths = (
			);
			runOnlyForDeploymentPostprocessing = 0;
			shellPath = /bin/sh;
			shellScript = "\"${PODS_ROOT}/Fabric/run\" 1eae28d1e74276b776784b2e624fcafbe8be63d5 ba6ddef5d9aedbe90726d134beae9003786035d9528c15c59a784d82adc87e47";
		};
		840801E553CCE220ABA7CF53 /* [CP] Embed Pods Frameworks */ = {
			isa = PBXShellScriptBuildPhase;
			buildActionMask = 2147483647;
			files = (
			);
			inputPaths = (
			);
			name = "[CP] Embed Pods Frameworks";
			outputPaths = (
			);
			runOnlyForDeploymentPostprocessing = 0;
			shellPath = /bin/sh;
			shellScript = "\"${SRCROOT}/Pods/Target Support Files/Pods-Foodancy/Pods-Foodancy-frameworks.sh\"\n";
			showEnvVarsInLog = 0;
		};
		FCCCEF69C5F3D53FA7E21D0B /* [CP] Copy Pods Resources */ = {
			isa = PBXShellScriptBuildPhase;
			buildActionMask = 2147483647;
			files = (
			);
			inputPaths = (
			);
			name = "[CP] Copy Pods Resources";
			outputPaths = (
			);
			runOnlyForDeploymentPostprocessing = 0;
			shellPath = /bin/sh;
			shellScript = "\"${SRCROOT}/Pods/Target Support Files/Pods-Foodancy/Pods-Foodancy-resources.sh\"\n";
			showEnvVarsInLog = 0;
		};
/* End PBXShellScriptBuildPhase section */

/* Begin PBXSourcesBuildPhase section */
		58816A001D61AEBD00A339A1 /* Sources */ = {
			isa = PBXSourcesBuildPhase;
			buildActionMask = 2147483647;
			files = (
				584EF67B1D7316C5000E6F42 /* FavEmptyView.swift in Sources */,
				58CA67511D707607006FEB50 /* FavListViewController.swift in Sources */,
				587E976C1D707CA800494388 /* Helpers.swift in Sources */,
				58CA67441D70461F006FEB50 /* MoreViewController.swift in Sources */,
				58CA674B1D7060FE006FEB50 /* FoodNotFoundView.swift in Sources */,
				584150B11D620A0F00866210 /* Food.swift in Sources */,
				584150B21D620A0F00866210 /* FoodCategory+CoreDataProperties.swift in Sources */,
				58CA516F1D6A1F3C005B20F8 /* FoodCell.swift in Sources */,
				587E976F1D70A2A800494388 /* Risk+CoreDataProperties.swift in Sources */,
				58CA674E1D7074F0006FEB50 /* TabBarController.swift in Sources */,
				584150A11D61E74D00866210 /* TabBarView.swift in Sources */,
				58816A0A1D61AEBD00A339A1 /* CategoryViewController.swift in Sources */,
				584150B01D620A0F00866210 /* Food+CoreDataProperties.swift in Sources */,
				587E97701D70A2A800494388 /* Risk.swift in Sources */,
				58CA51711D6A2B0D005B20F8 /* FoodDetailViewController.swift in Sources */,
				58CA67461D704786006FEB50 /* FoodListViewController.swift in Sources */,
				587E97741D70B47600494388 /* Foodancy.xcdatamodeld in Sources */,
				584150A61D61F30F00866210 /* ImportOperation.swift in Sources */,
				58379FF61D7352D900584206 /* LocalImportOperation.swift in Sources */,
				58816A081D61AEBD00A339A1 /* AppDelegate.swift in Sources */,
				5841509B1D61C36100866210 /* CategoryCell.swift in Sources */,
				5841509F1D61D9CF00866210 /* StyleSheet.swift in Sources */,
				584150B31D620A0F00866210 /* FoodCategory.swift in Sources */,
			);
			runOnlyForDeploymentPostprocessing = 0;
		};
/* End PBXSourcesBuildPhase section */

/* Begin PBXVariantGroup section */
		58816A0B1D61AEBD00A339A1 /* Main.storyboard */ = {
			isa = PBXVariantGroup;
			children = (
				58816A0C1D61AEBD00A339A1 /* Base */,
			);
			name = Main.storyboard;
			sourceTree = "<group>";
		};
		58816A131D61AEBD00A339A1 /* LaunchScreen.storyboard */ = {
			isa = PBXVariantGroup;
			children = (
				58816A141D61AEBD00A339A1 /* Base */,
			);
			name = LaunchScreen.storyboard;
			sourceTree = "<group>";
		};
/* End PBXVariantGroup section */

/* Begin XCBuildConfiguration section */
		58816A2D1D61AEBE00A339A1 /* Debug */ = {
			isa = XCBuildConfiguration;
			buildSettings = {
				ALWAYS_SEARCH_USER_PATHS = NO;
				CLANG_ANALYZER_NONNULL = YES;
				CLANG_CXX_LANGUAGE_STANDARD = "gnu++0x";
				CLANG_CXX_LIBRARY = "libc++";
				CLANG_ENABLE_MODULES = YES;
				CLANG_ENABLE_OBJC_ARC = YES;
				CLANG_WARN_BOOL_CONVERSION = YES;
				CLANG_WARN_CONSTANT_CONVERSION = YES;
				CLANG_WARN_DIRECT_OBJC_ISA_USAGE = YES_ERROR;
				CLANG_WARN_EMPTY_BODY = YES;
				CLANG_WARN_ENUM_CONVERSION = YES;
				CLANG_WARN_INT_CONVERSION = YES;
				CLANG_WARN_OBJC_ROOT_CLASS = YES_ERROR;
				CLANG_WARN_UNREACHABLE_CODE = YES;
				CLANG_WARN__DUPLICATE_METHOD_MATCH = YES;
				"CODE_SIGN_IDENTITY[sdk=iphoneos*]" = "iPhone Developer";
				COPY_PHASE_STRIP = NO;
				DEBUG_INFORMATION_FORMAT = dwarf;
				ENABLE_STRICT_OBJC_MSGSEND = YES;
				ENABLE_TESTABILITY = YES;
				GCC_C_LANGUAGE_STANDARD = gnu99;
				GCC_DYNAMIC_NO_PIC = NO;
				GCC_NO_COMMON_BLOCKS = YES;
				GCC_OPTIMIZATION_LEVEL = 0;
				GCC_PREPROCESSOR_DEFINITIONS = (
					"DEBUG=1",
					"$(inherited)",
				);
				GCC_WARN_64_TO_32_BIT_CONVERSION = YES;
				GCC_WARN_ABOUT_RETURN_TYPE = YES_ERROR;
				GCC_WARN_UNDECLARED_SELECTOR = YES;
				GCC_WARN_UNINITIALIZED_AUTOS = YES_AGGRESSIVE;
				GCC_WARN_UNUSED_FUNCTION = YES;
				GCC_WARN_UNUSED_VARIABLE = YES;
				IPHONEOS_DEPLOYMENT_TARGET = 9.3;
				MTL_ENABLE_DEBUG_INFO = YES;
				ONLY_ACTIVE_ARCH = YES;
				SDKROOT = iphoneos;
				SWIFT_OPTIMIZATION_LEVEL = "-Onone";
				SWIFT_VERSION = 3.0;
				TARGETED_DEVICE_FAMILY = "1,2";
			};
			name = Debug;
		};
		58816A2E1D61AEBE00A339A1 /* Release */ = {
			isa = XCBuildConfiguration;
			buildSettings = {
				ALWAYS_SEARCH_USER_PATHS = NO;
				CLANG_ANALYZER_NONNULL = YES;
				CLANG_CXX_LANGUAGE_STANDARD = "gnu++0x";
				CLANG_CXX_LIBRARY = "libc++";
				CLANG_ENABLE_MODULES = YES;
				CLANG_ENABLE_OBJC_ARC = YES;
				CLANG_WARN_BOOL_CONVERSION = YES;
				CLANG_WARN_CONSTANT_CONVERSION = YES;
				CLANG_WARN_DIRECT_OBJC_ISA_USAGE = YES_ERROR;
				CLANG_WARN_EMPTY_BODY = YES;
				CLANG_WARN_ENUM_CONVERSION = YES;
				CLANG_WARN_INT_CONVERSION = YES;
				CLANG_WARN_OBJC_ROOT_CLASS = YES_ERROR;
				CLANG_WARN_UNREACHABLE_CODE = YES;
				CLANG_WARN__DUPLICATE_METHOD_MATCH = YES;
				"CODE_SIGN_IDENTITY[sdk=iphoneos*]" = "iPhone Developer";
				COPY_PHASE_STRIP = NO;
				DEBUG_INFORMATION_FORMAT = "dwarf-with-dsym";
				ENABLE_NS_ASSERTIONS = NO;
				ENABLE_STRICT_OBJC_MSGSEND = YES;
				GCC_C_LANGUAGE_STANDARD = gnu99;
				GCC_NO_COMMON_BLOCKS = YES;
				GCC_WARN_64_TO_32_BIT_CONVERSION = YES;
				GCC_WARN_ABOUT_RETURN_TYPE = YES_ERROR;
				GCC_WARN_UNDECLARED_SELECTOR = YES;
				GCC_WARN_UNINITIALIZED_AUTOS = YES_AGGRESSIVE;
				GCC_WARN_UNUSED_FUNCTION = YES;
				GCC_WARN_UNUSED_VARIABLE = YES;
				IPHONEOS_DEPLOYMENT_TARGET = 9.3;
				MTL_ENABLE_DEBUG_INFO = NO;
				SDKROOT = iphoneos;
				SWIFT_VERSION = 3.0;
				TARGETED_DEVICE_FAMILY = "1,2";
				VALIDATE_PRODUCT = YES;
			};
			name = Release;
		};
		58816A301D61AEBE00A339A1 /* Debug */ = {
			isa = XCBuildConfiguration;
			baseConfigurationReference = 2D2C9CA366E61F113D4C5456 /* Pods-Foodancy.debug.xcconfig */;
			buildSettings = {
				ASSETCATALOG_COMPILER_APPICON_NAME = AppIcon;
				CODE_SIGN_IDENTITY = "iPhone Developer";
				DEBUG_INFORMATION_FORMAT = "dwarf-with-dsym";
				INFOPLIST_FILE = Foodancy/Info.plist;
				LD_RUNPATH_SEARCH_PATHS = "$(inherited) @executable_path/Frameworks";
				OTHER_SWIFT_FLAGS = "$(inherited) \"-D\" \"COCOAPODS\" -D DEBUG";
				PRODUCT_BUNDLE_IDENTIFIER = com.davidmiotti.foodancy;
				PRODUCT_NAME = Foodancy;
				PROVISIONING_PROFILE = "276f733c-785c-4503-bf1f-87aba5f94cbc";
				TARGETED_DEVICE_FAMILY = 1;
			};
			name = Debug;
		};
		58816A311D61AEBE00A339A1 /* Release */ = {
			isa = XCBuildConfiguration;
			baseConfigurationReference = 951CBD0771F607483A0BDE24 /* Pods-Foodancy.release.xcconfig */;
			buildSettings = {
				ASSETCATALOG_COMPILER_APPICON_NAME = AppIcon;
				CODE_SIGN_IDENTITY = "iPhone Distribution: David Miotti (659B2N7HE9)";
				INFOPLIST_FILE = Foodancy/Info.plist;
				LD_RUNPATH_SEARCH_PATHS = "$(inherited) @executable_path/Frameworks";
				PRODUCT_BUNDLE_IDENTIFIER = com.davidmiotti.foodancy;
				PRODUCT_NAME = Foodancy;
				PROVISIONING_PROFILE = "ce21ff19-e921-46e2-a4a4-dbb5ef5b0178";
				TARGETED_DEVICE_FAMILY = 1;
			};
			name = Release;
		};
/* End XCBuildConfiguration section */

/* Begin XCConfigurationList section */
		588169FF1D61AEBD00A339A1 /* Build configuration list for PBXProject "Foodancy" */ = {
			isa = XCConfigurationList;
			buildConfigurations = (
				58816A2D1D61AEBE00A339A1 /* Debug */,
				58816A2E1D61AEBE00A339A1 /* Release */,
			);
			defaultConfigurationIsVisible = 0;
			defaultConfigurationName = Release;
		};
		58816A2F1D61AEBE00A339A1 /* Build configuration list for PBXNativeTarget "Foodancy" */ = {
			isa = XCConfigurationList;
			buildConfigurations = (
				58816A301D61AEBE00A339A1 /* Debug */,
				58816A311D61AEBE00A339A1 /* Release */,
			);
			defaultConfigurationIsVisible = 0;
			defaultConfigurationName = Release;
		};
/* End XCConfigurationList section */

/* Begin XCVersionGroup section */
		587E97721D70B47600494388 /* Foodancy.xcdatamodeld */ = {
			isa = XCVersionGroup;
			children = (
				587E97731D70B47600494388 /* Foodancy.xcdatamodel */,
			);
			currentVersion = 587E97731D70B47600494388 /* Foodancy.xcdatamodel */;
			path = Foodancy.xcdatamodeld;
			sourceTree = "<group>";
			versionGroupType = wrapper.xcdatamodel;
		};
/* End XCVersionGroup section */
	};
	rootObject = 588169FC1D61AEBD00A339A1 /* Project object */;
}
