// !$*UTF8*$!
{
	archiveVersion = 1;
	classes = {
	};
	objectVersion = 46;
	objects = {

/* Begin PBXBuildFile section */
		2DFE17AD358E6BEFE73ABA16 /* Pods_AlimentsGrossesse.framework in Frameworks */ = {isa = PBXBuildFile; fileRef = 824E2B64B62221AD3522FEC3 /* Pods_AlimentsGrossesse.framework */; };
		5841509B1D61C36100866210 /* CategoryCell.swift in Sources */ = {isa = PBXBuildFile; fileRef = 5841509A1D61C36100866210 /* CategoryCell.swift */; };
		5841509D1D61D94E00866210 /* CategoryReusableTitleView.swift in Sources */ = {isa = PBXBuildFile; fileRef = 5841509C1D61D94E00866210 /* CategoryReusableTitleView.swift */; };
		5841509F1D61D9CF00866210 /* StyleSheet.swift in Sources */ = {isa = PBXBuildFile; fileRef = 5841509E1D61D9CF00866210 /* StyleSheet.swift */; };
		58816A081D61AEBD00A339A1 /* AppDelegate.swift in Sources */ = {isa = PBXBuildFile; fileRef = 58816A071D61AEBD00A339A1 /* AppDelegate.swift */; };
		58816A0A1D61AEBD00A339A1 /* CategoryViewController.swift in Sources */ = {isa = PBXBuildFile; fileRef = 58816A091D61AEBD00A339A1 /* CategoryViewController.swift */; };
		58816A0D1D61AEBD00A339A1 /* Main.storyboard in Resources */ = {isa = PBXBuildFile; fileRef = 58816A0B1D61AEBD00A339A1 /* Main.storyboard */; };
		58816A101D61AEBD00A339A1 /* AlimentsGrossesse.xcdatamodeld in Sources */ = {isa = PBXBuildFile; fileRef = 58816A0E1D61AEBD00A339A1 /* AlimentsGrossesse.xcdatamodeld */; };
		58816A121D61AEBD00A339A1 /* Assets.xcassets in Resources */ = {isa = PBXBuildFile; fileRef = 58816A111D61AEBD00A339A1 /* Assets.xcassets */; };
		58816A151D61AEBD00A339A1 /* LaunchScreen.storyboard in Resources */ = {isa = PBXBuildFile; fileRef = 58816A131D61AEBD00A339A1 /* LaunchScreen.storyboard */; };
		58816A201D61AEBE00A339A1 /* AlimentsGrossesseTests.swift in Sources */ = {isa = PBXBuildFile; fileRef = 58816A1F1D61AEBE00A339A1 /* AlimentsGrossesseTests.swift */; };
		58816A2B1D61AEBE00A339A1 /* AlimentsGrossesseUITests.swift in Sources */ = {isa = PBXBuildFile; fileRef = 58816A2A1D61AEBE00A339A1 /* AlimentsGrossesseUITests.swift */; };
/* End PBXBuildFile section */

/* Begin PBXContainerItemProxy section */
		58816A1C1D61AEBE00A339A1 /* PBXContainerItemProxy */ = {
			isa = PBXContainerItemProxy;
			containerPortal = 588169FC1D61AEBD00A339A1 /* Project object */;
			proxyType = 1;
			remoteGlobalIDString = 58816A031D61AEBD00A339A1;
			remoteInfo = AlimentsGrossesse;
		};
		58816A271D61AEBE00A339A1 /* PBXContainerItemProxy */ = {
			isa = PBXContainerItemProxy;
			containerPortal = 588169FC1D61AEBD00A339A1 /* Project object */;
			proxyType = 1;
			remoteGlobalIDString = 58816A031D61AEBD00A339A1;
			remoteInfo = AlimentsGrossesse;
		};
/* End PBXContainerItemProxy section */

/* Begin PBXFileReference section */
		5841509A1D61C36100866210 /* CategoryCell.swift */ = {isa = PBXFileReference; fileEncoding = 4; lastKnownFileType = sourcecode.swift; path = CategoryCell.swift; sourceTree = "<group>"; };
		5841509C1D61D94E00866210 /* CategoryReusableTitleView.swift */ = {isa = PBXFileReference; fileEncoding = 4; lastKnownFileType = sourcecode.swift; path = CategoryReusableTitleView.swift; sourceTree = "<group>"; };
		5841509E1D61D9CF00866210 /* StyleSheet.swift */ = {isa = PBXFileReference; fileEncoding = 4; lastKnownFileType = sourcecode.swift; path = StyleSheet.swift; sourceTree = "<group>"; };
		58816A041D61AEBD00A339A1 /* AlimentsGrossesse.app */ = {isa = PBXFileReference; explicitFileType = wrapper.application; includeInIndex = 0; path = AlimentsGrossesse.app; sourceTree = BUILT_PRODUCTS_DIR; };
		58816A071D61AEBD00A339A1 /* AppDelegate.swift */ = {isa = PBXFileReference; lastKnownFileType = sourcecode.swift; path = AppDelegate.swift; sourceTree = "<group>"; };
		58816A091D61AEBD00A339A1 /* CategoryViewController.swift */ = {isa = PBXFileReference; lastKnownFileType = sourcecode.swift; path = CategoryViewController.swift; sourceTree = "<group>"; };
		58816A0C1D61AEBD00A339A1 /* Base */ = {isa = PBXFileReference; lastKnownFileType = file.storyboard; name = Base; path = Base.lproj/Main.storyboard; sourceTree = "<group>"; };
		58816A0F1D61AEBD00A339A1 /* AlimentsGrossesse.xcdatamodel */ = {isa = PBXFileReference; lastKnownFileType = wrapper.xcdatamodel; path = AlimentsGrossesse.xcdatamodel; sourceTree = "<group>"; };
		58816A111D61AEBD00A339A1 /* Assets.xcassets */ = {isa = PBXFileReference; lastKnownFileType = folder.assetcatalog; path = Assets.xcassets; sourceTree = "<group>"; };
		58816A141D61AEBD00A339A1 /* Base */ = {isa = PBXFileReference; lastKnownFileType = file.storyboard; name = Base; path = Base.lproj/LaunchScreen.storyboard; sourceTree = "<group>"; };
		58816A161D61AEBD00A339A1 /* Info.plist */ = {isa = PBXFileReference; lastKnownFileType = text.plist.xml; path = Info.plist; sourceTree = "<group>"; };
		58816A1B1D61AEBE00A339A1 /* AlimentsGrossesseTests.xctest */ = {isa = PBXFileReference; explicitFileType = wrapper.cfbundle; includeInIndex = 0; path = AlimentsGrossesseTests.xctest; sourceTree = BUILT_PRODUCTS_DIR; };
		58816A1F1D61AEBE00A339A1 /* AlimentsGrossesseTests.swift */ = {isa = PBXFileReference; lastKnownFileType = sourcecode.swift; path = AlimentsGrossesseTests.swift; sourceTree = "<group>"; };
		58816A211D61AEBE00A339A1 /* Info.plist */ = {isa = PBXFileReference; lastKnownFileType = text.plist.xml; path = Info.plist; sourceTree = "<group>"; };
		58816A261D61AEBE00A339A1 /* AlimentsGrossesseUITests.xctest */ = {isa = PBXFileReference; explicitFileType = wrapper.cfbundle; includeInIndex = 0; path = AlimentsGrossesseUITests.xctest; sourceTree = BUILT_PRODUCTS_DIR; };
		58816A2A1D61AEBE00A339A1 /* AlimentsGrossesseUITests.swift */ = {isa = PBXFileReference; lastKnownFileType = sourcecode.swift; path = AlimentsGrossesseUITests.swift; sourceTree = "<group>"; };
		58816A2C1D61AEBE00A339A1 /* Info.plist */ = {isa = PBXFileReference; lastKnownFileType = text.plist.xml; path = Info.plist; sourceTree = "<group>"; };
		824E2B64B62221AD3522FEC3 /* Pods_AlimentsGrossesse.framework */ = {isa = PBXFileReference; explicitFileType = wrapper.framework; includeInIndex = 0; path = Pods_AlimentsGrossesse.framework; sourceTree = BUILT_PRODUCTS_DIR; };
		9B972308D226F98BF1A01F1A /* Pods-AlimentsGrossesse.release.xcconfig */ = {isa = PBXFileReference; includeInIndex = 1; lastKnownFileType = text.xcconfig; name = "Pods-AlimentsGrossesse.release.xcconfig"; path = "Pods/Target Support Files/Pods-AlimentsGrossesse/Pods-AlimentsGrossesse.release.xcconfig"; sourceTree = "<group>"; };
		CA4165FA705A45B946D3F0DF /* Pods-AlimentsGrossesse.debug.xcconfig */ = {isa = PBXFileReference; includeInIndex = 1; lastKnownFileType = text.xcconfig; name = "Pods-AlimentsGrossesse.debug.xcconfig"; path = "Pods/Target Support Files/Pods-AlimentsGrossesse/Pods-AlimentsGrossesse.debug.xcconfig"; sourceTree = "<group>"; };
/* End PBXFileReference section */

/* Begin PBXFrameworksBuildPhase section */
		58816A011D61AEBD00A339A1 /* Frameworks */ = {
			isa = PBXFrameworksBuildPhase;
			buildActionMask = 2147483647;
			files = (
				2DFE17AD358E6BEFE73ABA16 /* Pods_AlimentsGrossesse.framework in Frameworks */,
			);
			runOnlyForDeploymentPostprocessing = 0;
		};
		58816A181D61AEBE00A339A1 /* Frameworks */ = {
			isa = PBXFrameworksBuildPhase;
			buildActionMask = 2147483647;
			files = (
			);
			runOnlyForDeploymentPostprocessing = 0;
		};
		58816A231D61AEBE00A339A1 /* Frameworks */ = {
			isa = PBXFrameworksBuildPhase;
			buildActionMask = 2147483647;
			files = (
			);
			runOnlyForDeploymentPostprocessing = 0;
		};
/* End PBXFrameworksBuildPhase section */

/* Begin PBXGroup section */
		0EED9957AA0E4BB1835C6C63 /* Frameworks */ = {
			isa = PBXGroup;
			children = (
				824E2B64B62221AD3522FEC3 /* Pods_AlimentsGrossesse.framework */,
			);
			name = Frameworks;
			sourceTree = "<group>";
		};
		588169FB1D61AEBD00A339A1 = {
			isa = PBXGroup;
			children = (
				58816A061D61AEBD00A339A1 /* AlimentsGrossesse */,
				58816A1E1D61AEBE00A339A1 /* AlimentsGrossesseTests */,
				58816A291D61AEBE00A339A1 /* AlimentsGrossesseUITests */,
				58816A051D61AEBD00A339A1 /* Products */,
				CB25F2C187BE99A45831B27D /* Pods */,
				0EED9957AA0E4BB1835C6C63 /* Frameworks */,
			);
			sourceTree = "<group>";
		};
		58816A051D61AEBD00A339A1 /* Products */ = {
			isa = PBXGroup;
			children = (
				58816A041D61AEBD00A339A1 /* AlimentsGrossesse.app */,
				58816A1B1D61AEBE00A339A1 /* AlimentsGrossesseTests.xctest */,
				58816A261D61AEBE00A339A1 /* AlimentsGrossesseUITests.xctest */,
			);
			name = Products;
			sourceTree = "<group>";
		};
		58816A061D61AEBD00A339A1 /* AlimentsGrossesse */ = {
			isa = PBXGroup;
			children = (
				5841509E1D61D9CF00866210 /* StyleSheet.swift */,
				58816A071D61AEBD00A339A1 /* AppDelegate.swift */,
				58816A091D61AEBD00A339A1 /* CategoryViewController.swift */,
				5841509C1D61D94E00866210 /* CategoryReusableTitleView.swift */,
				5841509A1D61C36100866210 /* CategoryCell.swift */,
				58816A0B1D61AEBD00A339A1 /* Main.storyboard */,
				58816A111D61AEBD00A339A1 /* Assets.xcassets */,
				58816A131D61AEBD00A339A1 /* LaunchScreen.storyboard */,
				58816A161D61AEBD00A339A1 /* Info.plist */,
				58816A0E1D61AEBD00A339A1 /* AlimentsGrossesse.xcdatamodeld */,
			);
			path = AlimentsGrossesse;
			sourceTree = "<group>";
		};
		58816A1E1D61AEBE00A339A1 /* AlimentsGrossesseTests */ = {
			isa = PBXGroup;
			children = (
				58816A1F1D61AEBE00A339A1 /* AlimentsGrossesseTests.swift */,
				58816A211D61AEBE00A339A1 /* Info.plist */,
			);
			path = AlimentsGrossesseTests;
			sourceTree = "<group>";
		};
		58816A291D61AEBE00A339A1 /* AlimentsGrossesseUITests */ = {
			isa = PBXGroup;
			children = (
				58816A2A1D61AEBE00A339A1 /* AlimentsGrossesseUITests.swift */,
				58816A2C1D61AEBE00A339A1 /* Info.plist */,
			);
			path = AlimentsGrossesseUITests;
			sourceTree = "<group>";
		};
		CB25F2C187BE99A45831B27D /* Pods */ = {
			isa = PBXGroup;
			children = (
				CA4165FA705A45B946D3F0DF /* Pods-AlimentsGrossesse.debug.xcconfig */,
				9B972308D226F98BF1A01F1A /* Pods-AlimentsGrossesse.release.xcconfig */,
			);
			name = Pods;
			sourceTree = "<group>";
		};
/* End PBXGroup section */

/* Begin PBXNativeTarget section */
		58816A031D61AEBD00A339A1 /* AlimentsGrossesse */ = {
			isa = PBXNativeTarget;
			buildConfigurationList = 58816A2F1D61AEBE00A339A1 /* Build configuration list for PBXNativeTarget "AlimentsGrossesse" */;
			buildPhases = (
				326D7F7DB82549BECBD56DCA /* [CP] Check Pods Manifest.lock */,
				58816A001D61AEBD00A339A1 /* Sources */,
				58816A011D61AEBD00A339A1 /* Frameworks */,
				58816A021D61AEBD00A339A1 /* Resources */,
				840801E553CCE220ABA7CF53 /* [CP] Embed Pods Frameworks */,
				FCCCEF69C5F3D53FA7E21D0B /* [CP] Copy Pods Resources */,
			);
			buildRules = (
			);
			dependencies = (
			);
			name = AlimentsGrossesse;
			productName = AlimentsGrossesse;
			productReference = 58816A041D61AEBD00A339A1 /* AlimentsGrossesse.app */;
			productType = "com.apple.product-type.application";
		};
		58816A1A1D61AEBE00A339A1 /* AlimentsGrossesseTests */ = {
			isa = PBXNativeTarget;
			buildConfigurationList = 58816A321D61AEBE00A339A1 /* Build configuration list for PBXNativeTarget "AlimentsGrossesseTests" */;
			buildPhases = (
				58816A171D61AEBE00A339A1 /* Sources */,
				58816A181D61AEBE00A339A1 /* Frameworks */,
				58816A191D61AEBE00A339A1 /* Resources */,
			);
			buildRules = (
			);
			dependencies = (
				58816A1D1D61AEBE00A339A1 /* PBXTargetDependency */,
			);
			name = AlimentsGrossesseTests;
			productName = AlimentsGrossesseTests;
			productReference = 58816A1B1D61AEBE00A339A1 /* AlimentsGrossesseTests.xctest */;
			productType = "com.apple.product-type.bundle.unit-test";
		};
		58816A251D61AEBE00A339A1 /* AlimentsGrossesseUITests */ = {
			isa = PBXNativeTarget;
			buildConfigurationList = 58816A351D61AEBE00A339A1 /* Build configuration list for PBXNativeTarget "AlimentsGrossesseUITests" */;
			buildPhases = (
				58816A221D61AEBE00A339A1 /* Sources */,
				58816A231D61AEBE00A339A1 /* Frameworks */,
				58816A241D61AEBE00A339A1 /* Resources */,
			);
			buildRules = (
			);
			dependencies = (
				58816A281D61AEBE00A339A1 /* PBXTargetDependency */,
			);
			name = AlimentsGrossesseUITests;
			productName = AlimentsGrossesseUITests;
			productReference = 58816A261D61AEBE00A339A1 /* AlimentsGrossesseUITests.xctest */;
			productType = "com.apple.product-type.bundle.ui-testing";
		};
/* End PBXNativeTarget section */

/* Begin PBXProject section */
		588169FC1D61AEBD00A339A1 /* Project object */ = {
			isa = PBXProject;
			attributes = {
				LastSwiftUpdateCheck = 0730;
				LastUpgradeCheck = 0730;
				ORGANIZATIONNAME = "David Miotti";
				TargetAttributes = {
					58816A031D61AEBD00A339A1 = {
						CreatedOnToolsVersion = 7.3.1;
						DevelopmentTeam = 659B2N7HE9;
					};
					58816A1A1D61AEBE00A339A1 = {
						CreatedOnToolsVersion = 7.3.1;
						TestTargetID = 58816A031D61AEBD00A339A1;
					};
					58816A251D61AEBE00A339A1 = {
						CreatedOnToolsVersion = 7.3.1;
						TestTargetID = 58816A031D61AEBD00A339A1;
					};
				};
			};
			buildConfigurationList = 588169FF1D61AEBD00A339A1 /* Build configuration list for PBXProject "AlimentsGrossesse" */;
			compatibilityVersion = "Xcode 3.2";
			developmentRegion = English;
			hasScannedForEncodings = 0;
			knownRegions = (
				en,
				Base,
			);
			mainGroup = 588169FB1D61AEBD00A339A1;
			productRefGroup = 58816A051D61AEBD00A339A1 /* Products */;
			projectDirPath = "";
			projectRoot = "";
			targets = (
				58816A031D61AEBD00A339A1 /* AlimentsGrossesse */,
				58816A1A1D61AEBE00A339A1 /* AlimentsGrossesseTests */,
				58816A251D61AEBE00A339A1 /* AlimentsGrossesseUITests */,
			);
		};
/* End PBXProject section */

/* Begin PBXResourcesBuildPhase section */
		58816A021D61AEBD00A339A1 /* Resources */ = {
			isa = PBXResourcesBuildPhase;
			buildActionMask = 2147483647;
			files = (
				58816A151D61AEBD00A339A1 /* LaunchScreen.storyboard in Resources */,
				58816A121D61AEBD00A339A1 /* Assets.xcassets in Resources */,
				58816A0D1D61AEBD00A339A1 /* Main.storyboard in Resources */,
			);
			runOnlyForDeploymentPostprocessing = 0;
		};
		58816A191D61AEBE00A339A1 /* Resources */ = {
			isa = PBXResourcesBuildPhase;
			buildActionMask = 2147483647;
			files = (
			);
			runOnlyForDeploymentPostprocessing = 0;
		};
		58816A241D61AEBE00A339A1 /* Resources */ = {
			isa = PBXResourcesBuildPhase;
			buildActionMask = 2147483647;
			files = (
			);
			runOnlyForDeploymentPostprocessing = 0;
		};
/* End PBXResourcesBuildPhase section */

/* Begin PBXShellScriptBuildPhase section */
		326D7F7DB82549BECBD56DCA /* [CP] Check Pods Manifest.lock */ = {
			isa = PBXShellScriptBuildPhase;
			buildActionMask = 2147483647;
			files = (
			);
			inputPaths = (
			);
			name = "[CP] Check Pods Manifest.lock";
			outputPaths = (
			);
			runOnlyForDeploymentPostprocessing = 0;
			shellPath = /bin/sh;
			shellScript = "diff \"${PODS_ROOT}/../Podfile.lock\" \"${PODS_ROOT}/Manifest.lock\" > /dev/null\nif [[ $? != 0 ]] ; then\n    cat << EOM\nerror: The sandbox is not in sync with the Podfile.lock. Run 'pod install' or update your CocoaPods installation.\nEOM\n    exit 1\nfi\n";
			showEnvVarsInLog = 0;
		};
		840801E553CCE220ABA7CF53 /* [CP] Embed Pods Frameworks */ = {
			isa = PBXShellScriptBuildPhase;
			buildActionMask = 2147483647;
			files = (
			);
			inputPaths = (
			);
			name = "[CP] Embed Pods Frameworks";
			outputPaths = (
			);
			runOnlyForDeploymentPostprocessing = 0;
			shellPath = /bin/sh;
			shellScript = "\"${SRCROOT}/Pods/Target Support Files/Pods-AlimentsGrossesse/Pods-AlimentsGrossesse-frameworks.sh\"\n";
			showEnvVarsInLog = 0;
		};
		FCCCEF69C5F3D53FA7E21D0B /* [CP] Copy Pods Resources */ = {
			isa = PBXShellScriptBuildPhase;
			buildActionMask = 2147483647;
			files = (
			);
			inputPaths = (
			);
			name = "[CP] Copy Pods Resources";
			outputPaths = (
			);
			runOnlyForDeploymentPostprocessing = 0;
			shellPath = /bin/sh;
			shellScript = "\"${SRCROOT}/Pods/Target Support Files/Pods-AlimentsGrossesse/Pods-AlimentsGrossesse-resources.sh\"\n";
			showEnvVarsInLog = 0;
		};
/* End PBXShellScriptBuildPhase section */

/* Begin PBXSourcesBuildPhase section */
		58816A001D61AEBD00A339A1 /* Sources */ = {
			isa = PBXSourcesBuildPhase;
			buildActionMask = 2147483647;
			files = (
				58816A101D61AEBD00A339A1 /* AlimentsGrossesse.xcdatamodeld in Sources */,
				5841509D1D61D94E00866210 /* CategoryReusableTitleView.swift in Sources */,
				58816A0A1D61AEBD00A339A1 /* CategoryViewController.swift in Sources */,
				58816A081D61AEBD00A339A1 /* AppDelegate.swift in Sources */,
				5841509B1D61C36100866210 /* CategoryCell.swift in Sources */,
				5841509F1D61D9CF00866210 /* StyleSheet.swift in Sources */,
			);
			runOnlyForDeploymentPostprocessing = 0;
		};
		58816A171D61AEBE00A339A1 /* Sources */ = {
			isa = PBXSourcesBuildPhase;
			buildActionMask = 2147483647;
			files = (
				58816A201D61AEBE00A339A1 /* AlimentsGrossesseTests.swift in Sources */,
			);
			runOnlyForDeploymentPostprocessing = 0;
		};
		58816A221D61AEBE00A339A1 /* Sources */ = {
			isa = PBXSourcesBuildPhase;
			buildActionMask = 2147483647;
			files = (
				58816A2B1D61AEBE00A339A1 /* AlimentsGrossesseUITests.swift in Sources */,
			);
			runOnlyForDeploymentPostprocessing = 0;
		};
/* End PBXSourcesBuildPhase section */

/* Begin PBXTargetDependency section */
		58816A1D1D61AEBE00A339A1 /* PBXTargetDependency */ = {
			isa = PBXTargetDependency;
			target = 58816A031D61AEBD00A339A1 /* AlimentsGrossesse */;
			targetProxy = 58816A1C1D61AEBE00A339A1 /* PBXContainerItemProxy */;
		};
		58816A281D61AEBE00A339A1 /* PBXTargetDependency */ = {
			isa = PBXTargetDependency;
			target = 58816A031D61AEBD00A339A1 /* AlimentsGrossesse */;
			targetProxy = 58816A271D61AEBE00A339A1 /* PBXContainerItemProxy */;
		};
/* End PBXTargetDependency section */

/* Begin PBXVariantGroup section */
		58816A0B1D61AEBD00A339A1 /* Main.storyboard */ = {
			isa = PBXVariantGroup;
			children = (
				58816A0C1D61AEBD00A339A1 /* Base */,
			);
			name = Main.storyboard;
			sourceTree = "<group>";
		};
		58816A131D61AEBD00A339A1 /* LaunchScreen.storyboard */ = {
			isa = PBXVariantGroup;
			children = (
				58816A141D61AEBD00A339A1 /* Base */,
			);
			name = LaunchScreen.storyboard;
			sourceTree = "<group>";
		};
/* End PBXVariantGroup section */

/* Begin XCBuildConfiguration section */
		58816A2D1D61AEBE00A339A1 /* Debug */ = {
			isa = XCBuildConfiguration;
			buildSettings = {
				ALWAYS_SEARCH_USER_PATHS = NO;
				CLANG_ANALYZER_NONNULL = YES;
				CLANG_CXX_LANGUAGE_STANDARD = "gnu++0x";
				CLANG_CXX_LIBRARY = "libc++";
				CLANG_ENABLE_MODULES = YES;
				CLANG_ENABLE_OBJC_ARC = YES;
				CLANG_WARN_BOOL_CONVERSION = YES;
				CLANG_WARN_CONSTANT_CONVERSION = YES;
				CLANG_WARN_DIRECT_OBJC_ISA_USAGE = YES_ERROR;
				CLANG_WARN_EMPTY_BODY = YES;
				CLANG_WARN_ENUM_CONVERSION = YES;
				CLANG_WARN_INT_CONVERSION = YES;
				CLANG_WARN_OBJC_ROOT_CLASS = YES_ERROR;
				CLANG_WARN_UNREACHABLE_CODE = YES;
				CLANG_WARN__DUPLICATE_METHOD_MATCH = YES;
				"CODE_SIGN_IDENTITY[sdk=iphoneos*]" = "iPhone Developer";
				COPY_PHASE_STRIP = NO;
				DEBUG_INFORMATION_FORMAT = dwarf;
				ENABLE_STRICT_OBJC_MSGSEND = YES;
				ENABLE_TESTABILITY = YES;
				GCC_C_LANGUAGE_STANDARD = gnu99;
				GCC_DYNAMIC_NO_PIC = NO;
				GCC_NO_COMMON_BLOCKS = YES;
				GCC_OPTIMIZATION_LEVEL = 0;
				GCC_PREPROCESSOR_DEFINITIONS = (
					"DEBUG=1",
					"$(inherited)",
				);
				GCC_WARN_64_TO_32_BIT_CONVERSION = YES;
				GCC_WARN_ABOUT_RETURN_TYPE = YES_ERROR;
				GCC_WARN_UNDECLARED_SELECTOR = YES;
				GCC_WARN_UNINITIALIZED_AUTOS = YES_AGGRESSIVE;
				GCC_WARN_UNUSED_FUNCTION = YES;
				GCC_WARN_UNUSED_VARIABLE = YES;
				IPHONEOS_DEPLOYMENT_TARGET = 9.3;
				MTL_ENABLE_DEBUG_INFO = YES;
				ONLY_ACTIVE_ARCH = YES;
				SDKROOT = iphoneos;
				SWIFT_OPTIMIZATION_LEVEL = "-Onone";
				TARGETED_DEVICE_FAMILY = "1,2";
			};
			name = Debug;
		};
		58816A2E1D61AEBE00A339A1 /* Release */ = {
			isa = XCBuildConfiguration;
			buildSettings = {
				ALWAYS_SEARCH_USER_PATHS = NO;
				CLANG_ANALYZER_NONNULL = YES;
				CLANG_CXX_LANGUAGE_STANDARD = "gnu++0x";
				CLANG_CXX_LIBRARY = "libc++";
				CLANG_ENABLE_MODULES = YES;
				CLANG_ENABLE_OBJC_ARC = YES;
				CLANG_WARN_BOOL_CONVERSION = YES;
				CLANG_WARN_CONSTANT_CONVERSION = YES;
				CLANG_WARN_DIRECT_OBJC_ISA_USAGE = YES_ERROR;
				CLANG_WARN_EMPTY_BODY = YES;
				CLANG_WARN_ENUM_CONVERSION = YES;
				CLANG_WARN_INT_CONVERSION = YES;
				CLANG_WARN_OBJC_ROOT_CLASS = YES_ERROR;
				CLANG_WARN_UNREACHABLE_CODE = YES;
				CLANG_WARN__DUPLICATE_METHOD_MATCH = YES;
				"CODE_SIGN_IDENTITY[sdk=iphoneos*]" = "iPhone Developer";
				COPY_PHASE_STRIP = NO;
				DEBUG_INFORMATION_FORMAT = "dwarf-with-dsym";
				ENABLE_NS_ASSERTIONS = NO;
				ENABLE_STRICT_OBJC_MSGSEND = YES;
				GCC_C_LANGUAGE_STANDARD = gnu99;
				GCC_NO_COMMON_BLOCKS = YES;
				GCC_WARN_64_TO_32_BIT_CONVERSION = YES;
				GCC_WARN_ABOUT_RETURN_TYPE = YES_ERROR;
				GCC_WARN_UNDECLARED_SELECTOR = YES;
				GCC_WARN_UNINITIALIZED_AUTOS = YES_AGGRESSIVE;
				GCC_WARN_UNUSED_FUNCTION = YES;
				GCC_WARN_UNUSED_VARIABLE = YES;
				IPHONEOS_DEPLOYMENT_TARGET = 9.3;
				MTL_ENABLE_DEBUG_INFO = NO;
				SDKROOT = iphoneos;
				TARGETED_DEVICE_FAMILY = "1,2";
				VALIDATE_PRODUCT = YES;
			};
			name = Release;
		};
		58816A301D61AEBE00A339A1 /* Debug */ = {
			isa = XCBuildConfiguration;
			baseConfigurationReference = CA4165FA705A45B946D3F0DF /* Pods-AlimentsGrossesse.debug.xcconfig */;
			buildSettings = {
				ASSETCATALOG_COMPILER_APPICON_NAME = AppIcon;
				CODE_SIGN_IDENTITY = "iPhone Developer";
				INFOPLIST_FILE = AlimentsGrossesse/Info.plist;
				LD_RUNPATH_SEARCH_PATHS = "$(inherited) @executable_path/Frameworks";
				PRODUCT_BUNDLE_IDENTIFIER = com.davidmiotti.alimgrossesse;
				PRODUCT_NAME = "$(TARGET_NAME)";
				PROVISIONING_PROFILE = "f20463f7-d751-4957-9746-cacb79081351";
			};
			name = Debug;
		};
		58816A311D61AEBE00A339A1 /* Release */ = {
			isa = XCBuildConfiguration;
			baseConfigurationReference = 9B972308D226F98BF1A01F1A /* Pods-AlimentsGrossesse.release.xcconfig */;
			buildSettings = {
				ASSETCATALOG_COMPILER_APPICON_NAME = AppIcon;
				CODE_SIGN_IDENTITY = "iPhone Distribution: David Miotti (659B2N7HE9)";
				INFOPLIST_FILE = AlimentsGrossesse/Info.plist;
				LD_RUNPATH_SEARCH_PATHS = "$(inherited) @executable_path/Frameworks";
				PRODUCT_BUNDLE_IDENTIFIER = com.davidmiotti.alimgrossesse;
				PRODUCT_NAME = "$(TARGET_NAME)";
				PROVISIONING_PROFILE = "eacee581-73be-4289-9869-476a4aa66570";
			};
			name = Release;
		};
		58816A331D61AEBE00A339A1 /* Debug */ = {
			isa = XCBuildConfiguration;
			buildSettings = {
				BUNDLE_LOADER = "$(TEST_HOST)";
				INFOPLIST_FILE = AlimentsGrossesseTests/Info.plist;
				LD_RUNPATH_SEARCH_PATHS = "$(inherited) @executable_path/Frameworks @loader_path/Frameworks";
				PRODUCT_BUNDLE_IDENTIFIER = com.wopata.AlimentsGrossesseTests;
				PRODUCT_NAME = "$(TARGET_NAME)";
				TEST_HOST = "$(BUILT_PRODUCTS_DIR)/AlimentsGrossesse.app/AlimentsGrossesse";
			};
			name = Debug;
		};
		58816A341D61AEBE00A339A1 /* Release */ = {
			isa = XCBuildConfiguration;
			buildSettings = {
				BUNDLE_LOADER = "$(TEST_HOST)";
				INFOPLIST_FILE = AlimentsGrossesseTests/Info.plist;
				LD_RUNPATH_SEARCH_PATHS = "$(inherited) @executable_path/Frameworks @loader_path/Frameworks";
				PRODUCT_BUNDLE_IDENTIFIER = com.wopata.AlimentsGrossesseTests;
				PRODUCT_NAME = "$(TARGET_NAME)";
				TEST_HOST = "$(BUILT_PRODUCTS_DIR)/AlimentsGrossesse.app/AlimentsGrossesse";
			};
			name = Release;
		};
		58816A361D61AEBE00A339A1 /* Debug */ = {
			isa = XCBuildConfiguration;
			buildSettings = {
				INFOPLIST_FILE = AlimentsGrossesseUITests/Info.plist;
				LD_RUNPATH_SEARCH_PATHS = "$(inherited) @executable_path/Frameworks @loader_path/Frameworks";
				PRODUCT_BUNDLE_IDENTIFIER = com.wopata.AlimentsGrossesseUITests;
				PRODUCT_NAME = "$(TARGET_NAME)";
				TEST_TARGET_NAME = AlimentsGrossesse;
			};
			name = Debug;
		};
		58816A371D61AEBE00A339A1 /* Release */ = {
			isa = XCBuildConfiguration;
			buildSettings = {
				INFOPLIST_FILE = AlimentsGrossesseUITests/Info.plist;
				LD_RUNPATH_SEARCH_PATHS = "$(inherited) @executable_path/Frameworks @loader_path/Frameworks";
				PRODUCT_BUNDLE_IDENTIFIER = com.wopata.AlimentsGrossesseUITests;
				PRODUCT_NAME = "$(TARGET_NAME)";
				TEST_TARGET_NAME = AlimentsGrossesse;
			};
			name = Release;
		};
/* End XCBuildConfiguration section */

/* Begin XCConfigurationList section */
		588169FF1D61AEBD00A339A1 /* Build configuration list for PBXProject "AlimentsGrossesse" */ = {
			isa = XCConfigurationList;
			buildConfigurations = (
				58816A2D1D61AEBE00A339A1 /* Debug */,
				58816A2E1D61AEBE00A339A1 /* Release */,
			);
			defaultConfigurationIsVisible = 0;
			defaultConfigurationName = Release;
		};
		58816A2F1D61AEBE00A339A1 /* Build configuration list for PBXNativeTarget "AlimentsGrossesse" */ = {
			isa = XCConfigurationList;
			buildConfigurations = (
				58816A301D61AEBE00A339A1 /* Debug */,
				58816A311D61AEBE00A339A1 /* Release */,
			);
			defaultConfigurationIsVisible = 0;
			defaultConfigurationName = Release;
		};
		58816A321D61AEBE00A339A1 /* Build configuration list for PBXNativeTarget "AlimentsGrossesseTests" */ = {
			isa = XCConfigurationList;
			buildConfigurations = (
				58816A331D61AEBE00A339A1 /* Debug */,
				58816A341D61AEBE00A339A1 /* Release */,
			);
			defaultConfigurationIsVisible = 0;
			defaultConfigurationName = Release;
		};
		58816A351D61AEBE00A339A1 /* Build configuration list for PBXNativeTarget "AlimentsGrossesseUITests" */ = {
			isa = XCConfigurationList;
			buildConfigurations = (
				58816A361D61AEBE00A339A1 /* Debug */,
				58816A371D61AEBE00A339A1 /* Release */,
			);
			defaultConfigurationIsVisible = 0;
			defaultConfigurationName = Release;
		};
/* End XCConfigurationList section */

/* Begin XCVersionGroup section */
		58816A0E1D61AEBD00A339A1 /* AlimentsGrossesse.xcdatamodeld */ = {
			isa = XCVersionGroup;
			children = (
				58816A0F1D61AEBD00A339A1 /* AlimentsGrossesse.xcdatamodel */,
			);
			currentVersion = 58816A0F1D61AEBD00A339A1 /* AlimentsGrossesse.xcdatamodel */;
			path = AlimentsGrossesse.xcdatamodeld;
			sourceTree = "<group>";
			versionGroupType = wrapper.xcdatamodel;
		};
/* End XCVersionGroup section */
	};
	rootObject = 588169FC1D61AEBD00A339A1 /* Project object */;
}
